
Microsoft Visual Studio Solution File, Format Version 12.00
# Visual Studio Version 16
VisualStudioVersion = 16.0.29306.81
MinimumVisualStudioVersion = 10.0.40219.1
Project("{FAE04EC0-301F-11D3-BF4B-00C04F79EFBC}") = "MyFirstWebApp", "MyFirstWebApp.csproj", "{C32D7374-203E-41C3-A4C5-B77E336CD9F5}"
EndProject
Global
	GlobalSection(SolutionConfigurationPlatforms) = preSolution
		Debug|Any CPU = Debug|Any CPU
		Release|Any CPU = Release|Any CPU
	EndGlobalSection
	GlobalSection(ProjectConfigurationPlatforms) = postSolution
		{C32D7374-203E-41C3-A4C5-B77E336CD9F5}.Debug|Any CPU.ActiveCfg = Debug|Any CPU
		{C32D7374-203E-41C3-A4C5-B77E336CD9F5}.Debug|Any CPU.Build.0 = Debug|Any CPU
		{C32D7374-203E-41C3-A4C5-B77E336CD9F5}.Release|Any CPU.ActiveCfg = Release|Any CPU
		{C32D7374-203E-41C3-A4C5-B77E336CD9F5}.Release|Any CPU.Build.0 = Release|Any CPU
	EndGlobalSection
	GlobalSection(SolutionProperties) = preSolution
		HideSolutionNode = FALSE
	EndGlobalSection
	GlobalSection(ExtensibilityGlobals) = postSolution
		SolutionGuid = {3D580B91-5625-4ADD-A176-3A3005B69EE5}
	EndGlobalSection
EndGlobal
